
Microsoft Visual Studio Solution File, Format Version 12.00
# Visual Studio 15
VisualStudioVersion = 15.0.26730.15
MinimumVisualStudioVersion = 10.0.40219.1
Project("{FAE04EC0-301F-11D3-BF4B-00C04F79EFBC}") = "FamilyLoc", "FamilyLoc\FamilyLoc.csproj", "{F4149D7A-CD5A-467B-8F7B-036B601B8C4E}"
EndProject
Global
	GlobalSection(SolutionConfigurationPlatforms) = preSolution
		Debug|Any CPU = Debug|Any CPU
		Release|Any CPU = Release|Any CPU
	EndGlobalSection
	GlobalSection(ProjectConfigurationPlatforms) = postSolution
		{F4149D7A-CD5A-467B-8F7B-036B601B8C4E}.Debug|Any CPU.ActiveCfg = Debug|Any CPU
		{F4149D7A-CD5A-467B-8F7B-036B601B8C4E}.Debug|Any CPU.Build.0 = Debug|Any CPU
		{F4149D7A-CD5A-467B-8F7B-036B601B8C4E}.Release|Any CPU.ActiveCfg = Release|Any CPU
		{F4149D7A-CD5A-467B-8F7B-036B601B8C4E}.Release|Any CPU.Build.0 = Release|Any CPU
	EndGlobalSection
	GlobalSection(SolutionProperties) = preSolution
		HideSolutionNode = FALSE
	EndGlobalSection
	GlobalSection(ExtensibilityGlobals) = postSolution
		SolutionGuid = {ACB92EB9-9BC5-4709-A2A4-9CF23165E215}
	EndGlobalSection
EndGlobal
